
Microsoft Visual Studio Solution File, Format Version 12.00
# Visual Studio Version 17
VisualStudioVersion = 17.4.33403.182
MinimumVisualStudioVersion = 10.0.40219.1
Project("{FAE04EC0-301F-11D3-BF4B-00C04F79EFBC}") = "MovieBooking", "MovieBooking\MovieBooking.csproj", "{24058E2A-79FF-4B96-BBF3-57D4BE2247A0}"
EndProject
Global
	GlobalSection(SolutionConfigurationPlatforms) = preSolution
		Debug|Any CPU = Debug|Any CPU
		Release|Any CPU = Release|Any CPU
	EndGlobalSection
	GlobalSection(ProjectConfigurationPlatforms) = postSolution
		{24058E2A-79FF-4B96-BBF3-57D4BE2247A0}.Debug|Any CPU.ActiveCfg = Debug|Any CPU
		{24058E2A-79FF-4B96-BBF3-57D4BE2247A0}.Debug|Any CPU.Build.0 = Debug|Any CPU
		{24058E2A-79FF-4B96-BBF3-57D4BE2247A0}.Release|Any CPU.ActiveCfg = Release|Any CPU
		{24058E2A-79FF-4B96-BBF3-57D4BE2247A0}.Release|Any CPU.Build.0 = Release|Any CPU
	EndGlobalSection
	GlobalSection(SolutionProperties) = preSolution
		HideSolutionNode = FALSE
	EndGlobalSection
	GlobalSection(ExtensibilityGlobals) = postSolution
		SolutionGuid = {78E99087-FCA8-44A1-847D-A5A5A8F30222}
	EndGlobalSection
EndGlobal
